{
  "nodes": {
    "nix-develop": {
      "inputs": {
        "nixpkgs": [
          "nixpkgs"
        ]
      },
      "locked": {
        "lastModified": 1740956892,
        "narHash": "sha256-9MhGx2h0/iE2xF9SOw4QaQNfSM0KXvkUBNJZ5NYLb1I=",
        "owner": "nicknovitski",
        "repo": "nix-develop",
        "rev": "5da6ac475f1ffbcf54ee562fa3056646e146be95",
        "type": "github"
      },
      "original": {
        "owner": "nicknovitski",
        "repo": "nix-develop",
        "type": "github"
      }
    },
    "nixpkgs": {
      "locked": {
        "lastModified": 1791487292,
        "narHash": "sha256-tqM7xDEsaeK1p6VvRygeZ9LkQRpUUkbRT02BHv6hnTM=",
        "owner": "NixOS",
        "repo": "nixpkgs",
        "rev": "8edc0c72e3a38faf5434e40d1f19431125fe4b30",
        "type": "github"
      },
      "original": {
        "owner": "NixOS",
        "ref": "nixpkgs-unstable",
        "repo": "nixpkgs",
        "type": "github"
      }
    },
    "root": {
      "inputs": {
        "nix-develop": "nix-develop",
        "nixpkgs": "nixpkgs"
      }
    }
  },
  "root": "root",
  "version": 7
}
